
Microsoft Visual Studio Solution File, Format Version 12.00
# Visual Studio Version 17
VisualStudioVersion = 17.11.35222.181
MinimumVisualStudioVersion = 10.0.40219.1
Project("{FAE04EC0-301F-11D3-BF4B-00C04F79EFBC}") = "Library", "Library\Library.csproj", "{E94A77EA-3C0F-44A8-8EC2-4DF98C02680E}"
EndProject
Global
	GlobalSection(SolutionConfigurationPlatforms) = preSolution
		Debug|Any CPU = Debug|Any CPU
		Release|Any CPU = Release|Any CPU
	EndGlobalSection
	GlobalSection(ProjectConfigurationPlatforms) = postSolution
		{E94A77EA-3C0F-44A8-8EC2-4DF98C02680E}.Debug|Any CPU.ActiveCfg = Debug|Any CPU
		{E94A77EA-3C0F-44A8-8EC2-4DF98C02680E}.Debug|Any CPU.Build.0 = Debug|Any CPU
		{E94A77EA-3C0F-44A8-8EC2-4DF98C02680E}.Release|Any CPU.ActiveCfg = Release|Any CPU
		{E94A77EA-3C0F-44A8-8EC2-4DF98C02680E}.Release|Any CPU.Build.0 = Release|Any CPU
	EndGlobalSection
	GlobalSection(SolutionProperties) = preSolution
		HideSolutionNode = FALSE
	EndGlobalSection
	GlobalSection(ExtensibilityGlobals) = postSolution
		SolutionGuid = {7C718728-4010-4398-B13C-0F37806A9C34}
	EndGlobalSection
EndGlobal
